// !$*UTF8*$!
{
	archiveVersion = 1;
	classes = {
	};
	objectVersion = 46;
	objects = {

/* Begin PBXBuildFile section */
		167FC72E1CBD1769002ABE17 /* main.cpp in Sources */ = {isa = PBXBuildFile; fileRef = 167FC72D1CBD1769002ABE17 /* main.cpp */; };
		167FC7351CBD17C6002ABE17 /* ReadMe.c in Sources */ = {isa = PBXBuildFile; fileRef = 167FC7341CBD17C6002ABE17 /* ReadMe.c */; };
/* End PBXBuildFile section */

/* Begin PBXCopyFilesBuildPhase section */
		167FC7281CBD1769002ABE17 /* CopyFiles */ = {
			isa = PBXCopyFilesBuildPhase;
			buildActionMask = 2147483647;
			dstPath = /usr/share/man/man1/;
			dstSubfolderSpec = 0;
			files = (
			);
			runOnlyForDeploymentPostprocessing = 1;
		};
/* End PBXCopyFilesBuildPhase section */

/* Begin PBXFileReference section */
		167FC72A1CBD1769002ABE17 /* SimulateTheBankSystem */ = {isa = PBXFileReference; explicitFileType = "compiled.mach-o.executable"; includeInIndex = 0; path = SimulateTheBankSystem; sourceTree = BUILT_PRODUCTS_DIR; };
		167FC72D1CBD1769002ABE17 /* main.cpp */ = {isa = PBXFileReference; lastKnownFileType = sourcecode.cpp.cpp; path = main.cpp; sourceTree = "<group>"; };
		167FC7341CBD17C6002ABE17 /* ReadMe.c */ = {isa = PBXFileReference; fileEncoding = 4; lastKnownFileType = sourcecode.c.c; path = ReadMe.c; sourceTree = "<group>"; };
/* End PBXFileReference section */

/* Begin PBXFrameworksBuildPhase section */
		167FC7271CBD1769002ABE17 /* Frameworks */ = {
			isa = PBXFrameworksBuildPhase;
			buildActionMask = 2147483647;
			files = (
			);
			runOnlyForDeploymentPostprocessing = 0;
		};
/* End PBXFrameworksBuildPhase section */

/* Begin PBXGroup section */
		167FC7211CBD1769002ABE17 = {
			isa = PBXGroup;
			children = (
				167FC7341CBD17C6002ABE17 /* ReadMe.c */,
				167FC72C1CBD1769002ABE17 /* SimulateTheBankSystem */,
				167FC72B1CBD1769002ABE17 /* Products */,
			);
			sourceTree = "<group>";
		};
		167FC72B1CBD1769002ABE17 /* Products */ = {
			isa = PBXGroup;
			children = (
				167FC72A1CBD1769002ABE17 /* SimulateTheBankSystem */,
			);
			name = Products;
			sourceTree = "<group>";
		};
		167FC72C1CBD1769002ABE17 /* SimulateTheBankSystem */ = {
			isa = PBXGroup;
			children = (
				167FC72D1CBD1769002ABE17 /* main.cpp */,
			);
			path = SimulateTheBankSystem;
			sourceTree = "<group>";
		};
/* End PBXGroup section */

/* Begin PBXNativeTarget section */
		167FC7291CBD1769002ABE17 /* SimulateTheBankSystem */ = {
			isa = PBXNativeTarget;
			buildConfigurationList = 167FC7311CBD1769002ABE17 /* Build configuration list for PBXNativeTarget "SimulateTheBankSystem" */;
			buildPhases = (
				167FC7261CBD1769002ABE17 /* Sources */,
				167FC7271CBD1769002ABE17 /* Frameworks */,
				167FC7281CBD1769002ABE17 /* CopyFiles */,
			);
			buildRules = (
			);
			dependencies = (
			);
			name = SimulateTheBankSystem;
			productName = SimulateTheBankSystem;
			productReference = 167FC72A1CBD1769002ABE17 /* SimulateTheBankSystem */;
			productType = "com.apple.product-type.tool";
		};
/* End PBXNativeTarget section */

/* Begin PBXProject section */
		167FC7221CBD1769002ABE17 /* Project object */ = {
			isa = PBXProject;
			attributes = {
				LastUpgradeCheck = 0730;
				ORGANIZATIONNAME = JacobLan;
				TargetAttributes = {
					167FC7291CBD1769002ABE17 = {
						CreatedOnToolsVersion = 7.3;
					};
				};
			};
			buildConfigurationList = 167FC7251CBD1769002ABE17 /* Build configuration list for PBXProject "SimulateTheBankSystem" */;
			compatibilityVersion = "Xcode 3.2";
			developmentRegion = English;
			hasScannedForEncodings = 0;
			knownRegions = (
				en,
			);
			mainGroup = 167FC7211CBD1769002ABE17;
			productRefGroup = 167FC72B1CBD1769002ABE17 /* Products */;
			projectDirPath = "";
			projectRoot = "";
			targets = (
				167FC7291CBD1769002ABE17 /* SimulateTheBankSystem */,
			);
		};
/* End PBXProject section */

/* Begin PBXSourcesBuildPhase section */
		167FC7261CBD1769002ABE17 /* Sources */ = {
			isa = PBXSourcesBuildPhase;
			buildActionMask = 2147483647;
			files = (
				167FC72E1CBD1769002ABE17 /* main.cpp in Sources */,
				167FC7351CBD17C6002ABE17 /* ReadMe.c in Sources */,
			);
			runOnlyForDeploymentPostprocessing = 0;
		};
/* End PBXSourcesBuildPhase section */

/* Begin XCBuildConfiguration section */
		167FC72F1CBD1769002ABE17 /* Debug */ = {
			isa = XCBuildConfiguration;
			buildSettings = {
				ALWAYS_SEARCH_USER_PATHS = NO;
				CLANG_ANALYZER_NONNULL = YES;
				CLANG_CXX_LANGUAGE_STANDARD = "gnu++0x";
				CLANG_CXX_LIBRARY = "libc++";
				CLANG_ENABLE_MODULES = YES;
				CLANG_ENABLE_OBJC_ARC = YES;
				CLANG_WARN_BOOL_CONVERSION = YES;
				CLANG_WARN_CONSTANT_CONVERSION = YES;
				CLANG_WARN_DIRECT_OBJC_ISA_USAGE = YES_ERROR;
				CLANG_WARN_EMPTY_BODY = YES;
				CLANG_WARN_ENUM_CONVERSION = YES;
				CLANG_WARN_INT_CONVERSION = YES;
				CLANG_WARN_OBJC_ROOT_CLASS = YES_ERROR;
				CLANG_WARN_UNREACHABLE_CODE = YES;
				CLANG_WARN__DUPLICATE_METHOD_MATCH = YES;
				CODE_SIGN_IDENTITY = "-";
				COPY_PHASE_STRIP = NO;
				DEBUG_INFORMATION_FORMAT = dwarf;
				ENABLE_STRICT_OBJC_MSGSEND = YES;
				ENABLE_TESTABILITY = YES;
				GCC_C_LANGUAGE_STANDARD = gnu99;
				GCC_DYNAMIC_NO_PIC = NO;
				GCC_NO_COMMON_BLOCKS = YES;
				GCC_OPTIMIZATION_LEVEL = 0;
				GCC_PREPROCESSOR_DEFINITIONS = (
					"DEBUG=1",
					"$(inherited)",
				);
				GCC_WARN_64_TO_32_BIT_CONVERSION = YES;
				GCC_WARN_ABOUT_RETURN_TYPE = YES_ERROR;
				GCC_WARN_UNDECLARED_SELECTOR = YES;
				GCC_WARN_UNINITIALIZED_AUTOS = YES_AGGRESSIVE;
				GCC_WARN_UNUSED_FUNCTION = YES;
				GCC_WARN_UNUSED_VARIABLE = YES;
				MACOSX_DEPLOYMENT_TARGET = 10.11;
				MTL_ENABLE_DEBUG_INFO = YES;
				ONLY_ACTIVE_ARCH = YES;
				SDKROOT = macosx;
			};
			name = Debug;
		};
		167FC7301CBD1769002ABE17 /* Release */ = {
			isa = XCBuildConfiguration;
			buildSettings = {
				ALWAYS_SEARCH_USER_PATHS = NO;
				CLANG_ANALYZER_NONNULL = YES;
				CLANG_CXX_LANGUAGE_STANDARD = "gnu++0x";
				CLANG_CXX_LIBRARY = "libc++";
				CLANG_ENABLE_MODULES = YES;
				CLANG_ENABLE_OBJC_ARC = YES;
				CLANG_WARN_BOOL_CONVERSION = YES;
				CLANG_WARN_CONSTANT_CONVERSION = YES;
				CLANG_WARN_DIRECT_OBJC_ISA_USAGE = YES_ERROR;
				CLANG_WARN_EMPTY_BODY = YES;
				CLANG_WARN_ENUM_CONVERSION = YES;
				CLANG_WARN_INT_CONVERSION = YES;
				CLANG_WARN_OBJC_ROOT_CLASS = YES_ERROR;
				CLANG_WARN_UNREACHABLE_CODE = YES;
				CLANG_WARN__DUPLICATE_METHOD_MATCH = YES;
				CODE_SIGN_IDENTITY = "-";
				COPY_PHASE_STRIP = NO;
				DEBUG_INFORMATION_FORMAT = "dwarf-with-dsym";
				ENABLE_NS_ASSERTIONS = NO;
				ENABLE_STRICT_OBJC_MSGSEND = YES;
				GCC_C_LANGUAGE_STANDARD = gnu99;
				GCC_NO_COMMON_BLOCKS = YES;
				GCC_WARN_64_TO_32_BIT_CONVERSION = YES;
				GCC_WARN_ABOUT_RETURN_TYPE = YES_ERROR;
				GCC_WARN_UNDECLARED_SELECTOR = YES;
				GCC_WARN_UNINITIALIZED_AUTOS = YES_AGGRESSIVE;
				GCC_WARN_UNUSED_FUNCTION = YES;
				GCC_WARN_UNUSED_VARIABLE = YES;
				MACOSX_DEPLOYMENT_TARGET = 10.11;
				MTL_ENABLE_DEBUG_INFO = NO;
				SDKROOT = macosx;
			};
			name = Release;
		};
		167FC7321CBD1769002ABE17 /* Debug */ = {
			isa = XCBuildConfiguration;
			buildSettings = {
				PRODUCT_NAME = "$(TARGET_NAME)";
			};
			name = Debug;
		};
		167FC7331CBD1769002ABE17 /* Release */ = {
			isa = XCBuildConfiguration;
			buildSettings = {
				PRODUCT_NAME = "$(TARGET_NAME)";
			};
			name = Release;
		};
/* End XCBuildConfiguration section */

/* Begin XCConfigurationList section */
		167FC7251CBD1769002ABE17 /* Build configuration list for PBXProject "SimulateTheBankSystem" */ = {
			isa = XCConfigurationList;
			buildConfigurations = (
				167FC72F1CBD1769002ABE17 /* Debug */,
				167FC7301CBD1769002ABE17 /* Release */,
			);
			defaultConfigurationIsVisible = 0;
			defaultConfigurationName = Release;
		};
		167FC7311CBD1769002ABE17 /* Build configuration list for PBXNativeTarget "SimulateTheBankSystem" */ = {
			isa = XCConfigurationList;
			buildConfigurations = (
				167FC7321CBD1769002ABE17 /* Debug */,
				167FC7331CBD1769002ABE17 /* Release */,
			);
			defaultConfigurationIsVisible = 0;
		};
/* End XCConfigurationList section */
	};
	rootObject = 167FC7221CBD1769002ABE17 /* Project object */;
}
