// !$*UTF8*$!
{
	archiveVersion = 1;
	classes = {
	};
	objectVersion = 46;
	objects = {

/* Begin PBXBuildFile section */
		16C115D41CC8A3F200A85285 /* main.cpp in Sources */ = {isa = PBXBuildFile; fileRef = 16C115D31CC8A3F200A85285 /* main.cpp */; };
/* End PBXBuildFile section */

/* Begin PBXCopyFilesBuildPhase section */
		16C115CE1CC8A3F100A85285 /* CopyFiles */ = {
			isa = PBXCopyFilesBuildPhase;
			buildActionMask = 2147483647;
			dstPath = /usr/share/man/man1/;
			dstSubfolderSpec = 0;
			files = (
			);
			runOnlyForDeploymentPostprocessing = 1;
		};
/* End PBXCopyFilesBuildPhase section */

/* Begin PBXFileReference section */
		16C115D01CC8A3F100A85285 /* BinTree */ = {isa = PBXFileReference; explicitFileType = "compiled.mach-o.executable"; includeInIndex = 0; path = BinTree; sourceTree = BUILT_PRODUCTS_DIR; };
		16C115D31CC8A3F200A85285 /* main.cpp */ = {isa = PBXFileReference; lastKnownFileType = sourcecode.cpp.cpp; path = main.cpp; sourceTree = "<group>"; };
		16C115DA1CC8A41500A85285 /* bin_tree_node.h */ = {isa = PBXFileReference; lastKnownFileType = sourcecode.c.h; path = bin_tree_node.h; sourceTree = "<group>"; };
		16C115DB1CC8A4DE00A85285 /* binary_tree.h */ = {isa = PBXFileReference; lastKnownFileType = sourcecode.c.h; path = binary_tree.h; sourceTree = "<group>"; };
/* End PBXFileReference section */

/* Begin PBXFrameworksBuildPhase section */
		16C115CD1CC8A3F100A85285 /* Frameworks */ = {
			isa = PBXFrameworksBuildPhase;
			buildActionMask = 2147483647;
			files = (
			);
			runOnlyForDeploymentPostprocessing = 0;
		};
/* End PBXFrameworksBuildPhase section */

/* Begin PBXGroup section */
		16C115C71CC8A3F100A85285 = {
			isa = PBXGroup;
			children = (
				16C115D21CC8A3F100A85285 /* BinTree */,
				16C115D11CC8A3F100A85285 /* Products */,
			);
			sourceTree = "<group>";
		};
		16C115D11CC8A3F100A85285 /* Products */ = {
			isa = PBXGroup;
			children = (
				16C115D01CC8A3F100A85285 /* BinTree */,
			);
			name = Products;
			sourceTree = "<group>";
		};
		16C115D21CC8A3F100A85285 /* BinTree */ = {
			isa = PBXGroup;
			children = (
				16C115D31CC8A3F200A85285 /* main.cpp */,
				16C115DA1CC8A41500A85285 /* bin_tree_node.h */,
				16C115DB1CC8A4DE00A85285 /* binary_tree.h */,
			);
			path = BinTree;
			sourceTree = "<group>";
		};
/* End PBXGroup section */

/* Begin PBXNativeTarget section */
		16C115CF1CC8A3F100A85285 /* BinTree */ = {
			isa = PBXNativeTarget;
			buildConfigurationList = 16C115D71CC8A3F200A85285 /* Build configuration list for PBXNativeTarget "BinTree" */;
			buildPhases = (
				16C115CC1CC8A3F100A85285 /* Sources */,
				16C115CD1CC8A3F100A85285 /* Frameworks */,
				16C115CE1CC8A3F100A85285 /* CopyFiles */,
			);
			buildRules = (
			);
			dependencies = (
			);
			name = BinTree;
			productName = BinTree;
			productReference = 16C115D01CC8A3F100A85285 /* BinTree */;
			productType = "com.apple.product-type.tool";
		};
/* End PBXNativeTarget section */

/* Begin PBXProject section */
		16C115C81CC8A3F100A85285 /* Project object */ = {
			isa = PBXProject;
			attributes = {
				LastUpgradeCheck = 0730;
				ORGANIZATIONNAME = JacobLan;
				TargetAttributes = {
					16C115CF1CC8A3F100A85285 = {
						CreatedOnToolsVersion = 7.3;
					};
				};
			};
			buildConfigurationList = 16C115CB1CC8A3F100A85285 /* Build configuration list for PBXProject "BinTree" */;
			compatibilityVersion = "Xcode 3.2";
			developmentRegion = English;
			hasScannedForEncodings = 0;
			knownRegions = (
				en,
			);
			mainGroup = 16C115C71CC8A3F100A85285;
			productRefGroup = 16C115D11CC8A3F100A85285 /* Products */;
			projectDirPath = "";
			projectRoot = "";
			targets = (
				16C115CF1CC8A3F100A85285 /* BinTree */,
			);
		};
/* End PBXProject section */

/* Begin PBXSourcesBuildPhase section */
		16C115CC1CC8A3F100A85285 /* Sources */ = {
			isa = PBXSourcesBuildPhase;
			buildActionMask = 2147483647;
			files = (
				16C115D41CC8A3F200A85285 /* main.cpp in Sources */,
			);
			runOnlyForDeploymentPostprocessing = 0;
		};
/* End PBXSourcesBuildPhase section */

/* Begin XCBuildConfiguration section */
		16C115D51CC8A3F200A85285 /* Debug */ = {
			isa = XCBuildConfiguration;
			buildSettings = {
				ALWAYS_SEARCH_USER_PATHS = NO;
				CLANG_ANALYZER_NONNULL = YES;
				CLANG_CXX_LANGUAGE_STANDARD = "gnu++0x";
				CLANG_CXX_LIBRARY = "libc++";
				CLANG_ENABLE_MODULES = YES;
				CLANG_ENABLE_OBJC_ARC = YES;
				CLANG_WARN_BOOL_CONVERSION = YES;
				CLANG_WARN_CONSTANT_CONVERSION = YES;
				CLANG_WARN_DIRECT_OBJC_ISA_USAGE = YES_ERROR;
				CLANG_WARN_EMPTY_BODY = YES;
				CLANG_WARN_ENUM_CONVERSION = YES;
				CLANG_WARN_INT_CONVERSION = YES;
				CLANG_WARN_OBJC_ROOT_CLASS = YES_ERROR;
				CLANG_WARN_UNREACHABLE_CODE = YES;
				CLANG_WARN__DUPLICATE_METHOD_MATCH = YES;
				CODE_SIGN_IDENTITY = "-";
				COPY_PHASE_STRIP = NO;
				DEBUG_INFORMATION_FORMAT = dwarf;
				ENABLE_STRICT_OBJC_MSGSEND = YES;
				ENABLE_TESTABILITY = YES;
				GCC_C_LANGUAGE_STANDARD = gnu99;
				GCC_DYNAMIC_NO_PIC = NO;
				GCC_NO_COMMON_BLOCKS = YES;
				GCC_OPTIMIZATION_LEVEL = 0;
				GCC_PREPROCESSOR_DEFINITIONS = (
					"DEBUG=1",
					"$(inherited)",
				);
				GCC_WARN_64_TO_32_BIT_CONVERSION = YES;
				GCC_WARN_ABOUT_RETURN_TYPE = YES_ERROR;
				GCC_WARN_UNDECLARED_SELECTOR = YES;
				GCC_WARN_UNINITIALIZED_AUTOS = YES_AGGRESSIVE;
				GCC_WARN_UNUSED_FUNCTION = YES;
				GCC_WARN_UNUSED_VARIABLE = YES;
				MACOSX_DEPLOYMENT_TARGET = 10.11;
				MTL_ENABLE_DEBUG_INFO = YES;
				ONLY_ACTIVE_ARCH = YES;
				SDKROOT = macosx;
			};
			name = Debug;
		};
		16C115D61CC8A3F200A85285 /* Release */ = {
			isa = XCBuildConfiguration;
			buildSettings = {
				ALWAYS_SEARCH_USER_PATHS = NO;
				CLANG_ANALYZER_NONNULL = YES;
				CLANG_CXX_LANGUAGE_STANDARD = "gnu++0x";
				CLANG_CXX_LIBRARY = "libc++";
				CLANG_ENABLE_MODULES = YES;
				CLANG_ENABLE_OBJC_ARC = YES;
				CLANG_WARN_BOOL_CONVERSION = YES;
				CLANG_WARN_CONSTANT_CONVERSION = YES;
				CLANG_WARN_DIRECT_OBJC_ISA_USAGE = YES_ERROR;
				CLANG_WARN_EMPTY_BODY = YES;
				CLANG_WARN_ENUM_CONVERSION = YES;
				CLANG_WARN_INT_CONVERSION = YES;
				CLANG_WARN_OBJC_ROOT_CLASS = YES_ERROR;
				CLANG_WARN_UNREACHABLE_CODE = YES;
				CLANG_WARN__DUPLICATE_METHOD_MATCH = YES;
				CODE_SIGN_IDENTITY = "-";
				COPY_PHASE_STRIP = NO;
				DEBUG_INFORMATION_FORMAT = "dwarf-with-dsym";
				ENABLE_NS_ASSERTIONS = NO;
				ENABLE_STRICT_OBJC_MSGSEND = YES;
				GCC_C_LANGUAGE_STANDARD = gnu99;
				GCC_NO_COMMON_BLOCKS = YES;
				GCC_WARN_64_TO_32_BIT_CONVERSION = YES;
				GCC_WARN_ABOUT_RETURN_TYPE = YES_ERROR;
				GCC_WARN_UNDECLARED_SELECTOR = YES;
				GCC_WARN_UNINITIALIZED_AUTOS = YES_AGGRESSIVE;
				GCC_WARN_UNUSED_FUNCTION = YES;
				GCC_WARN_UNUSED_VARIABLE = YES;
				MACOSX_DEPLOYMENT_TARGET = 10.11;
				MTL_ENABLE_DEBUG_INFO = NO;
				SDKROOT = macosx;
			};
			name = Release;
		};
		16C115D81CC8A3F200A85285 /* Debug */ = {
			isa = XCBuildConfiguration;
			buildSettings = {
				PRODUCT_NAME = "$(TARGET_NAME)";
			};
			name = Debug;
		};
		16C115D91CC8A3F200A85285 /* Release */ = {
			isa = XCBuildConfiguration;
			buildSettings = {
				PRODUCT_NAME = "$(TARGET_NAME)";
			};
			name = Release;
		};
/* End XCBuildConfiguration section */

/* Begin XCConfigurationList section */
		16C115CB1CC8A3F100A85285 /* Build configuration list for PBXProject "BinTree" */ = {
			isa = XCConfigurationList;
			buildConfigurations = (
				16C115D51CC8A3F200A85285 /* Debug */,
				16C115D61CC8A3F200A85285 /* Release */,
			);
			defaultConfigurationIsVisible = 0;
			defaultConfigurationName = Release;
		};
		16C115D71CC8A3F200A85285 /* Build configuration list for PBXNativeTarget "BinTree" */ = {
			isa = XCConfigurationList;
			buildConfigurations = (
				16C115D81CC8A3F200A85285 /* Debug */,
				16C115D91CC8A3F200A85285 /* Release */,
			);
			defaultConfigurationIsVisible = 0;
		};
/* End XCConfigurationList section */
	};
	rootObject = 16C115C81CC8A3F100A85285 /* Project object */;
}
