// !$*UTF8*$!
{
	archiveVersion = 1;
	classes = {
	};
	objectVersion = 46;
	objects = {

/* Begin PBXBuildFile section */
		1692EBA61CD88EC400FDC263 /* main.cpp in Sources */ = {isa = PBXBuildFile; fileRef = 1692EBA51CD88EC400FDC263 /* main.cpp */; };
/* End PBXBuildFile section */

/* Begin PBXCopyFilesBuildPhase section */
		1692EBA01CD88EC400FDC263 /* CopyFiles */ = {
			isa = PBXCopyFilesBuildPhase;
			buildActionMask = 2147483647;
			dstPath = /usr/share/man/man1/;
			dstSubfolderSpec = 0;
			files = (
			);
			runOnlyForDeploymentPostprocessing = 1;
		};
/* End PBXCopyFilesBuildPhase section */

/* Begin PBXFileReference section */
		1692EBA21CD88EC400FDC263 /* HuffmanTree */ = {isa = PBXFileReference; explicitFileType = "compiled.mach-o.executable"; includeInIndex = 0; path = HuffmanTree; sourceTree = BUILT_PRODUCTS_DIR; };
		1692EBA51CD88EC400FDC263 /* main.cpp */ = {isa = PBXFileReference; lastKnownFileType = sourcecode.cpp.cpp; path = main.cpp; sourceTree = "<group>"; };
		1692EBAC1CD88F5400FDC263 /* HuffmanTree.h */ = {isa = PBXFileReference; fileEncoding = 4; lastKnownFileType = sourcecode.c.h; path = HuffmanTree.h; sourceTree = "<group>"; };
		1692EBAD1CD88F5400FDC263 /* HuffmanTreeNode.h */ = {isa = PBXFileReference; fileEncoding = 4; lastKnownFileType = sourcecode.c.h; path = HuffmanTreeNode.h; sourceTree = "<group>"; };
		1692EBAE1CD88F5400FDC263 /* key_value.h */ = {isa = PBXFileReference; fileEncoding = 4; lastKnownFileType = sourcecode.c.h; path = key_value.h; sourceTree = "<group>"; };
/* End PBXFileReference section */

/* Begin PBXFrameworksBuildPhase section */
		1692EB9F1CD88EC400FDC263 /* Frameworks */ = {
			isa = PBXFrameworksBuildPhase;
			buildActionMask = 2147483647;
			files = (
			);
			runOnlyForDeploymentPostprocessing = 0;
		};
/* End PBXFrameworksBuildPhase section */

/* Begin PBXGroup section */
		1692EB991CD88EC400FDC263 = {
			isa = PBXGroup;
			children = (
				1692EBA41CD88EC400FDC263 /* HuffmanTree */,
				1692EBA31CD88EC400FDC263 /* Products */,
			);
			sourceTree = "<group>";
		};
		1692EBA31CD88EC400FDC263 /* Products */ = {
			isa = PBXGroup;
			children = (
				1692EBA21CD88EC400FDC263 /* HuffmanTree */,
			);
			name = Products;
			sourceTree = "<group>";
		};
		1692EBA41CD88EC400FDC263 /* HuffmanTree */ = {
			isa = PBXGroup;
			children = (
				1692EBA51CD88EC400FDC263 /* main.cpp */,
				1692EBAC1CD88F5400FDC263 /* HuffmanTree.h */,
				1692EBAD1CD88F5400FDC263 /* HuffmanTreeNode.h */,
				1692EBAE1CD88F5400FDC263 /* key_value.h */,
			);
			path = HuffmanTree;
			sourceTree = "<group>";
		};
/* End PBXGroup section */

/* Begin PBXNativeTarget section */
		1692EBA11CD88EC400FDC263 /* HuffmanTree */ = {
			isa = PBXNativeTarget;
			buildConfigurationList = 1692EBA91CD88EC400FDC263 /* Build configuration list for PBXNativeTarget "HuffmanTree" */;
			buildPhases = (
				1692EB9E1CD88EC400FDC263 /* Sources */,
				1692EB9F1CD88EC400FDC263 /* Frameworks */,
				1692EBA01CD88EC400FDC263 /* CopyFiles */,
			);
			buildRules = (
			);
			dependencies = (
			);
			name = HuffmanTree;
			productName = HuffmanTree;
			productReference = 1692EBA21CD88EC400FDC263 /* HuffmanTree */;
			productType = "com.apple.product-type.tool";
		};
/* End PBXNativeTarget section */

/* Begin PBXProject section */
		1692EB9A1CD88EC400FDC263 /* Project object */ = {
			isa = PBXProject;
			attributes = {
				LastUpgradeCheck = 0730;
				ORGANIZATIONNAME = JacobLan;
				TargetAttributes = {
					1692EBA11CD88EC400FDC263 = {
						CreatedOnToolsVersion = 7.3;
					};
				};
			};
			buildConfigurationList = 1692EB9D1CD88EC400FDC263 /* Build configuration list for PBXProject "HuffmanTree" */;
			compatibilityVersion = "Xcode 3.2";
			developmentRegion = English;
			hasScannedForEncodings = 0;
			knownRegions = (
				en,
			);
			mainGroup = 1692EB991CD88EC400FDC263;
			productRefGroup = 1692EBA31CD88EC400FDC263 /* Products */;
			projectDirPath = "";
			projectRoot = "";
			targets = (
				1692EBA11CD88EC400FDC263 /* HuffmanTree */,
			);
		};
/* End PBXProject section */

/* Begin PBXSourcesBuildPhase section */
		1692EB9E1CD88EC400FDC263 /* Sources */ = {
			isa = PBXSourcesBuildPhase;
			buildActionMask = 2147483647;
			files = (
				1692EBA61CD88EC400FDC263 /* main.cpp in Sources */,
			);
			runOnlyForDeploymentPostprocessing = 0;
		};
/* End PBXSourcesBuildPhase section */

/* Begin XCBuildConfiguration section */
		1692EBA71CD88EC400FDC263 /* Debug */ = {
			isa = XCBuildConfiguration;
			buildSettings = {
				ALWAYS_SEARCH_USER_PATHS = NO;
				CLANG_ANALYZER_NONNULL = YES;
				CLANG_CXX_LANGUAGE_STANDARD = "gnu++0x";
				CLANG_CXX_LIBRARY = "libc++";
				CLANG_ENABLE_MODULES = YES;
				CLANG_ENABLE_OBJC_ARC = YES;
				CLANG_WARN_BOOL_CONVERSION = YES;
				CLANG_WARN_CONSTANT_CONVERSION = YES;
				CLANG_WARN_DIRECT_OBJC_ISA_USAGE = YES_ERROR;
				CLANG_WARN_EMPTY_BODY = YES;
				CLANG_WARN_ENUM_CONVERSION = YES;
				CLANG_WARN_INT_CONVERSION = YES;
				CLANG_WARN_OBJC_ROOT_CLASS = YES_ERROR;
				CLANG_WARN_UNREACHABLE_CODE = YES;
				CLANG_WARN__DUPLICATE_METHOD_MATCH = YES;
				CODE_SIGN_IDENTITY = "-";
				COPY_PHASE_STRIP = NO;
				DEBUG_INFORMATION_FORMAT = dwarf;
				ENABLE_STRICT_OBJC_MSGSEND = YES;
				ENABLE_TESTABILITY = YES;
				GCC_C_LANGUAGE_STANDARD = gnu99;
				GCC_DYNAMIC_NO_PIC = NO;
				GCC_NO_COMMON_BLOCKS = YES;
				GCC_OPTIMIZATION_LEVEL = 0;
				GCC_PREPROCESSOR_DEFINITIONS = (
					"DEBUG=1",
					"$(inherited)",
				);
				GCC_WARN_64_TO_32_BIT_CONVERSION = YES;
				GCC_WARN_ABOUT_RETURN_TYPE = YES_ERROR;
				GCC_WARN_UNDECLARED_SELECTOR = YES;
				GCC_WARN_UNINITIALIZED_AUTOS = YES_AGGRESSIVE;
				GCC_WARN_UNUSED_FUNCTION = YES;
				GCC_WARN_UNUSED_VARIABLE = YES;
				MACOSX_DEPLOYMENT_TARGET = 10.11;
				MTL_ENABLE_DEBUG_INFO = YES;
				ONLY_ACTIVE_ARCH = YES;
				SDKROOT = macosx;
			};
			name = Debug;
		};
		1692EBA81CD88EC400FDC263 /* Release */ = {
			isa = XCBuildConfiguration;
			buildSettings = {
				ALWAYS_SEARCH_USER_PATHS = NO;
				CLANG_ANALYZER_NONNULL = YES;
				CLANG_CXX_LANGUAGE_STANDARD = "gnu++0x";
				CLANG_CXX_LIBRARY = "libc++";
				CLANG_ENABLE_MODULES = YES;
				CLANG_ENABLE_OBJC_ARC = YES;
				CLANG_WARN_BOOL_CONVERSION = YES;
				CLANG_WARN_CONSTANT_CONVERSION = YES;
				CLANG_WARN_DIRECT_OBJC_ISA_USAGE = YES_ERROR;
				CLANG_WARN_EMPTY_BODY = YES;
				CLANG_WARN_ENUM_CONVERSION = YES;
				CLANG_WARN_INT_CONVERSION = YES;
				CLANG_WARN_OBJC_ROOT_CLASS = YES_ERROR;
				CLANG_WARN_UNREACHABLE_CODE = YES;
				CLANG_WARN__DUPLICATE_METHOD_MATCH = YES;
				CODE_SIGN_IDENTITY = "-";
				COPY_PHASE_STRIP = NO;
				DEBUG_INFORMATION_FORMAT = "dwarf-with-dsym";
				ENABLE_NS_ASSERTIONS = NO;
				ENABLE_STRICT_OBJC_MSGSEND = YES;
				GCC_C_LANGUAGE_STANDARD = gnu99;
				GCC_NO_COMMON_BLOCKS = YES;
				GCC_WARN_64_TO_32_BIT_CONVERSION = YES;
				GCC_WARN_ABOUT_RETURN_TYPE = YES_ERROR;
				GCC_WARN_UNDECLARED_SELECTOR = YES;
				GCC_WARN_UNINITIALIZED_AUTOS = YES_AGGRESSIVE;
				GCC_WARN_UNUSED_FUNCTION = YES;
				GCC_WARN_UNUSED_VARIABLE = YES;
				MACOSX_DEPLOYMENT_TARGET = 10.11;
				MTL_ENABLE_DEBUG_INFO = NO;
				SDKROOT = macosx;
			};
			name = Release;
		};
		1692EBAA1CD88EC400FDC263 /* Debug */ = {
			isa = XCBuildConfiguration;
			buildSettings = {
				PRODUCT_NAME = "$(TARGET_NAME)";
			};
			name = Debug;
		};
		1692EBAB1CD88EC400FDC263 /* Release */ = {
			isa = XCBuildConfiguration;
			buildSettings = {
				PRODUCT_NAME = "$(TARGET_NAME)";
			};
			name = Release;
		};
/* End XCBuildConfiguration section */

/* Begin XCConfigurationList section */
		1692EB9D1CD88EC400FDC263 /* Build configuration list for PBXProject "HuffmanTree" */ = {
			isa = XCConfigurationList;
			buildConfigurations = (
				1692EBA71CD88EC400FDC263 /* Debug */,
				1692EBA81CD88EC400FDC263 /* Release */,
			);
			defaultConfigurationIsVisible = 0;
			defaultConfigurationName = Release;
		};
		1692EBA91CD88EC400FDC263 /* Build configuration list for PBXNativeTarget "HuffmanTree" */ = {
			isa = XCConfigurationList;
			buildConfigurations = (
				1692EBAA1CD88EC400FDC263 /* Debug */,
				1692EBAB1CD88EC400FDC263 /* Release */,
			);
			defaultConfigurationIsVisible = 0;
		};
/* End XCConfigurationList section */
	};
	rootObject = 1692EB9A1CD88EC400FDC263 /* Project object */;
}
